
Microsoft Visual Studio Solution File, Format Version 12.00
# Visual Studio Version 16
VisualStudioVersion = 16.0.30804.86
MinimumVisualStudioVersion = 10.0.40219.1
Project("{FAE04EC0-301F-11D3-BF4B-00C04F79EFBC}") = "WordGUI(Frameworks)", "WordGUI(Frameworks).csproj", "{32A7B6B7-BEF1-4561-8B4B-0C131037AF3A}"
EndProject
Global
	GlobalSection(SolutionConfigurationPlatforms) = preSolution
		Debug|Any CPU = Debug|Any CPU
		Release|Any CPU = Release|Any CPU
	EndGlobalSection
	GlobalSection(ProjectConfigurationPlatforms) = postSolution
		{32A7B6B7-BEF1-4561-8B4B-0C131037AF3A}.Debug|Any CPU.ActiveCfg = Debug|Any CPU
		{32A7B6B7-BEF1-4561-8B4B-0C131037AF3A}.Debug|Any CPU.Build.0 = Debug|Any CPU
		{32A7B6B7-BEF1-4561-8B4B-0C131037AF3A}.Release|Any CPU.ActiveCfg = Release|Any CPU
		{32A7B6B7-BEF1-4561-8B4B-0C131037AF3A}.Release|Any CPU.Build.0 = Release|Any CPU
	EndGlobalSection
	GlobalSection(SolutionProperties) = preSolution
		HideSolutionNode = FALSE
	EndGlobalSection
	GlobalSection(ExtensibilityGlobals) = postSolution
		SolutionGuid = {EE854B2E-9F09-4EDE-BD24-7E1C0A1AA68B}
	EndGlobalSection
EndGlobal
